// !$*UTF8*$!
{
	archiveVersion = 1;
	classes = {
	};
	objectVersion = 56;
	objects = {

/* Begin PBXBuildFile section */
		80A68C8B28F91BDB00F543DA /* AppDelegate.swift in Sources */ = {isa = PBXBuildFile; fileRef = 80A68C8A28F91BDB00F543DA /* AppDelegate.swift */; };
		80A68C8D28F91BDB00F543DA /* SceneDelegate.swift in Sources */ = {isa = PBXBuildFile; fileRef = 80A68C8C28F91BDB00F543DA /* SceneDelegate.swift */; };
		80A68C8F28F91BDB00F543DA /* ViewController.swift in Sources */ = {isa = PBXBuildFile; fileRef = 80A68C8E28F91BDB00F543DA /* ViewController.swift */; };
		80A68C9228F91BDB00F543DA /* Main.storyboard in Resources */ = {isa = PBXBuildFile; fileRef = 80A68C9028F91BDB00F543DA /* Main.storyboard */; };
		80A68C9428F91BE100F543DA /* Assets.xcassets in Resources */ = {isa = PBXBuildFile; fileRef = 80A68C9328F91BE100F543DA /* Assets.xcassets */; };
		80A68C9728F91BE100F543DA /* LaunchScreen.storyboard in Resources */ = {isa = PBXBuildFile; fileRef = 80A68C9528F91BE100F543DA /* LaunchScreen.storyboard */; };
		80A68CA228F91CD600F543DA /* TableViewCelldesign.swift in Sources */ = {isa = PBXBuildFile; fileRef = 80A68CA028F91CD600F543DA /* TableViewCelldesign.swift */; };
		80A68CA328F91CD600F543DA /* TableViewCelldesign.xib in Resources */ = {isa = PBXBuildFile; fileRef = 80A68CA128F91CD600F543DA /* TableViewCelldesign.xib */; };
/* End PBXBuildFile section */

/* Begin PBXFileReference section */
		80A68C8728F91BDB00F543DA /* tableViewDemo.app */ = {isa = PBXFileReference; explicitFileType = wrapper.application; includeInIndex = 0; path = tableViewDemo.app; sourceTree = BUILT_PRODUCTS_DIR; };
		80A68C8A28F91BDB00F543DA /* AppDelegate.swift */ = {isa = PBXFileReference; lastKnownFileType = sourcecode.swift; path = AppDelegate.swift; sourceTree = "<group>"; };
		80A68C8C28F91BDB00F543DA /* SceneDelegate.swift */ = {isa = PBXFileReference; lastKnownFileType = sourcecode.swift; path = SceneDelegate.swift; sourceTree = "<group>"; };
		80A68C8E28F91BDB00F543DA /* ViewController.swift */ = {isa = PBXFileReference; lastKnownFileType = sourcecode.swift; path = ViewController.swift; sourceTree = "<group>"; };
		80A68C9128F91BDB00F543DA /* Base */ = {isa = PBXFileReference; lastKnownFileType = file.storyboard; name = Base; path = Base.lproj/Main.storyboard; sourceTree = "<group>"; };
		80A68C9328F91BE100F543DA /* Assets.xcassets */ = {isa = PBXFileReference; lastKnownFileType = folder.assetcatalog; path = Assets.xcassets; sourceTree = "<group>"; };
		80A68C9628F91BE100F543DA /* Base */ = {isa = PBXFileReference; lastKnownFileType = file.storyboard; name = Base; path = Base.lproj/LaunchScreen.storyboard; sourceTree = "<group>"; };
		80A68C9828F91BE100F543DA /* Info.plist */ = {isa = PBXFileReference; lastKnownFileType = text.plist.xml; path = Info.plist; sourceTree = "<group>"; };
		80A68CA028F91CD600F543DA /* TableViewCelldesign.swift */ = {isa = PBXFileReference; lastKnownFileType = sourcecode.swift; path = TableViewCelldesign.swift; sourceTree = "<group>"; };
		80A68CA128F91CD600F543DA /* TableViewCelldesign.xib */ = {isa = PBXFileReference; lastKnownFileType = file.xib; path = TableViewCelldesign.xib; sourceTree = "<group>"; };
/* End PBXFileReference section */

/* Begin PBXFrameworksBuildPhase section */
		80A68C8428F91BDB00F543DA /* Frameworks */ = {
			isa = PBXFrameworksBuildPhase;
			buildActionMask = 2147483647;
			files = (
			);
			runOnlyForDeploymentPostprocessing = 0;
		};
/* End PBXFrameworksBuildPhase section */

/* Begin PBXGroup section */
		80A68C7E28F91BDB00F543DA = {
			isa = PBXGroup;
			children = (
				80A68C8928F91BDB00F543DA /* tableViewDemo */,
				80A68C8828F91BDB00F543DA /* Products */,
			);
			sourceTree = "<group>";
		};
		80A68C8828F91BDB00F543DA /* Products */ = {
			isa = PBXGroup;
			children = (
				80A68C8728F91BDB00F543DA /* tableViewDemo.app */,
			);
			name = Products;
			sourceTree = "<group>";
		};
		80A68C8928F91BDB00F543DA /* tableViewDemo */ = {
			isa = PBXGroup;
			children = (
				80A68C8A28F91BDB00F543DA /* AppDelegate.swift */,
				80A68C8C28F91BDB00F543DA /* SceneDelegate.swift */,
				80A68C8E28F91BDB00F543DA /* ViewController.swift */,
				80A68C9028F91BDB00F543DA /* Main.storyboard */,
				80A68CA028F91CD600F543DA /* TableViewCelldesign.swift */,
				80A68CA128F91CD600F543DA /* TableViewCelldesign.xib */,
				80A68C9328F91BE100F543DA /* Assets.xcassets */,
				80A68C9528F91BE100F543DA /* LaunchScreen.storyboard */,
				80A68C9828F91BE100F543DA /* Info.plist */,
			);
			path = tableViewDemo;
			sourceTree = "<group>";
		};
/* End PBXGroup section */

/* Begin PBXNativeTarget section */
		80A68C8628F91BDB00F543DA /* tableViewDemo */ = {
			isa = PBXNativeTarget;
			buildConfigurationList = 80A68C9B28F91BE100F543DA /* Build configuration list for PBXNativeTarget "tableViewDemo" */;
			buildPhases = (
				80A68C8328F91BDB00F543DA /* Sources */,
				80A68C8428F91BDB00F543DA /* Frameworks */,
				80A68C8528F91BDB00F543DA /* Resources */,
			);
			buildRules = (
			);
			dependencies = (
			);
			name = tableViewDemo;
			productName = tableViewDemo;
			productReference = 80A68C8728F91BDB00F543DA /* tableViewDemo.app */;
			productType = "com.apple.product-type.application";
		};
/* End PBXNativeTarget section */

/* Begin PBXProject section */
		80A68C7F28F91BDB00F543DA /* Project object */ = {
			isa = PBXProject;
			attributes = {
				BuildIndependentTargetsInParallel = 1;
				LastSwiftUpdateCheck = 1400;
				LastUpgradeCheck = 1400;
				TargetAttributes = {
					80A68C8628F91BDB00F543DA = {
						CreatedOnToolsVersion = 14.0.1;
					};
				};
			};
			buildConfigurationList = 80A68C8228F91BDB00F543DA /* Build configuration list for PBXProject "tableViewDemo" */;
			compatibilityVersion = "Xcode 14.0";
			developmentRegion = en;
			hasScannedForEncodings = 0;
			knownRegions = (
				en,
				Base,
			);
			mainGroup = 80A68C7E28F91BDB00F543DA;
			productRefGroup = 80A68C8828F91BDB00F543DA /* Products */;
			projectDirPath = "";
			projectRoot = "";
			targets = (
				80A68C8628F91BDB00F543DA /* tableViewDemo */,
			);
		};
/* End PBXProject section */

/* Begin PBXResourcesBuildPhase section */
		80A68C8528F91BDB00F543DA /* Resources */ = {
			isa = PBXResourcesBuildPhase;
			buildActionMask = 2147483647;
			files = (
				80A68C9728F91BE100F543DA /* LaunchScreen.storyboard in Resources */,
				80A68CA328F91CD600F543DA /* TableViewCelldesign.xib in Resources */,
				80A68C9428F91BE100F543DA /* Assets.xcassets in Resources */,
				80A68C9228F91BDB00F543DA /* Main.storyboard in Resources */,
			);
			runOnlyForDeploymentPostprocessing = 0;
		};
/* End PBXResourcesBuildPhase section */

/* Begin PBXSourcesBuildPhase section */
		80A68C8328F91BDB00F543DA /* Sources */ = {
			isa = PBXSourcesBuildPhase;
			buildActionMask = 2147483647;
			files = (
				80A68C8F28F91BDB00F543DA /* ViewController.swift in Sources */,
				80A68CA228F91CD600F543DA /* TableViewCelldesign.swift in Sources */,
				80A68C8B28F91BDB00F543DA /* AppDelegate.swift in Sources */,
				80A68C8D28F91BDB00F543DA /* SceneDelegate.swift in Sources */,
			);
			runOnlyForDeploymentPostprocessing = 0;
		};
/* End PBXSourcesBuildPhase section */

/* Begin PBXVariantGroup section */
		80A68C9028F91BDB00F543DA /* Main.storyboard */ = {
			isa = PBXVariantGroup;
			children = (
				80A68C9128F91BDB00F543DA /* Base */,
			);
			name = Main.storyboard;
			sourceTree = "<group>";
		};
		80A68C9528F91BE100F543DA /* LaunchScreen.storyboard */ = {
			isa = PBXVariantGroup;
			children = (
				80A68C9628F91BE100F543DA /* Base */,
			);
			name = LaunchScreen.storyboard;
			sourceTree = "<group>";
		};
/* End PBXVariantGroup section */

/* Begin XCBuildConfiguration section */
		80A68C9928F91BE100F543DA /* Debug */ = {
			isa = XCBuildConfiguration;
			buildSettings = {
				ALWAYS_SEARCH_USER_PATHS = NO;
				CLANG_ANALYZER_NONNULL = YES;
				CLANG_ANALYZER_NUMBER_OBJECT_CONVERSION = YES_AGGRESSIVE;
				CLANG_CXX_LANGUAGE_STANDARD = "gnu++20";
				CLANG_ENABLE_MODULES = YES;
				CLANG_ENABLE_OBJC_ARC = YES;
				CLANG_ENABLE_OBJC_WEAK = YES;
				CLANG_WARN_BLOCK_CAPTURE_AUTORELEASING = YES;
				CLANG_WARN_BOOL_CONVERSION = YES;
				CLANG_WARN_COMMA = YES;
				CLANG_WARN_CONSTANT_CONVERSION = YES;
				CLANG_WARN_DEPRECATED_OBJC_IMPLEMENTATIONS = YES;
				CLANG_WARN_DIRECT_OBJC_ISA_USAGE = YES_ERROR;
				CLANG_WARN_DOCUMENTATION_COMMENTS = YES;
				CLANG_WARN_EMPTY_BODY = YES;
				CLANG_WARN_ENUM_CONVERSION = YES;
				CLANG_WARN_INFINITE_RECURSION = YES;
				CLANG_WARN_INT_CONVERSION = YES;
				CLANG_WARN_NON_LITERAL_NULL_CONVERSION = YES;
				CLANG_WARN_OBJC_IMPLICIT_RETAIN_SELF = YES;
				CLANG_WARN_OBJC_LITERAL_CONVERSION = YES;
				CLANG_WARN_OBJC_ROOT_CLASS = YES_ERROR;
				CLANG_WARN_QUOTED_INCLUDE_IN_FRAMEWORK_HEADER = YES;
				CLANG_WARN_RANGE_LOOP_ANALYSIS = YES;
				CLANG_WARN_STRICT_PROTOTYPES = YES;
				CLANG_WARN_SUSPICIOUS_MOVE = YES;
				CLANG_WARN_UNGUARDED_AVAILABILITY = YES_AGGRESSIVE;
				CLANG_WARN_UNREACHABLE_CODE = YES;
				CLANG_WARN__DUPLICATE_METHOD_MATCH = YES;
				COPY_PHASE_STRIP = NO;
				DEBUG_INFORMATION_FORMAT = dwarf;
				ENABLE_STRICT_OBJC_MSGSEND = YES;
				ENABLE_TESTABILITY = YES;
				GCC_C_LANGUAGE_STANDARD = gnu11;
				GCC_DYNAMIC_NO_PIC = NO;
				GCC_NO_COMMON_BLOCKS = YES;
				GCC_OPTIMIZATION_LEVEL = 0;
				GCC_PREPROCESSOR_DEFINITIONS = (
					"DEBUG=1",
					"$(inherited)",
				);
				GCC_WARN_64_TO_32_BIT_CONVERSION = YES;
				GCC_WARN_ABOUT_RETURN_TYPE = YES_ERROR;
				GCC_WARN_UNDECLARED_SELECTOR = YES;
				GCC_WARN_UNINITIALIZED_AUTOS = YES_AGGRESSIVE;
				GCC_WARN_UNUSED_FUNCTION = YES;
				GCC_WARN_UNUSED_VARIABLE = YES;
				IPHONEOS_DEPLOYMENT_TARGET = 16.0;
				MTL_ENABLE_DEBUG_INFO = INCLUDE_SOURCE;
				MTL_FAST_MATH = YES;
				ONLY_ACTIVE_ARCH = YES;
				SDKROOT = iphoneos;
				SWIFT_ACTIVE_COMPILATION_CONDITIONS = DEBUG;
				SWIFT_OPTIMIZATION_LEVEL = "-Onone";
			};
			name = Debug;
		};
		80A68C9A28F91BE100F543DA /* Release */ = {
			isa = XCBuildConfiguration;
			buildSettings = {
				ALWAYS_SEARCH_USER_PATHS = NO;
				CLANG_ANALYZER_NONNULL = YES;
				CLANG_ANALYZER_NUMBER_OBJECT_CONVERSION = YES_AGGRESSIVE;
				CLANG_CXX_LANGUAGE_STANDARD = "gnu++20";
				CLANG_ENABLE_MODULES = YES;
				CLANG_ENABLE_OBJC_ARC = YES;
				CLANG_ENABLE_OBJC_WEAK = YES;
				CLANG_WARN_BLOCK_CAPTURE_AUTORELEASING = YES;
				CLANG_WARN_BOOL_CONVERSION = YES;
				CLANG_WARN_COMMA = YES;
				CLANG_WARN_CONSTANT_CONVERSION = YES;
				CLANG_WARN_DEPRECATED_OBJC_IMPLEMENTATIONS = YES;
				CLANG_WARN_DIRECT_OBJC_ISA_USAGE = YES_ERROR;
				CLANG_WARN_DOCUMENTATION_COMMENTS = YES;
				CLANG_WARN_EMPTY_BODY = YES;
				CLANG_WARN_ENUM_CONVERSION = YES;
				CLANG_WARN_INFINITE_RECURSION = YES;
				CLANG_WARN_INT_CONVERSION = YES;
				CLANG_WARN_NON_LITERAL_NULL_CONVERSION = YES;
				CLANG_WARN_OBJC_IMPLICIT_RETAIN_SELF = YES;
				CLANG_WARN_OBJC_LITERAL_CONVERSION = YES;
				CLANG_WARN_OBJC_ROOT_CLASS = YES_ERROR;
				CLANG_WARN_QUOTED_INCLUDE_IN_FRAMEWORK_HEADER = YES;
				CLANG_WARN_RANGE_LOOP_ANALYSIS = YES;
				CLANG_WARN_STRICT_PROTOTYPES = YES;
				CLANG_WARN_SUSPICIOUS_MOVE = YES;
				CLANG_WARN_UNGUARDED_AVAILABILITY = YES_AGGRESSIVE;
				CLANG_WARN_UNREACHABLE_CODE = YES;
				CLANG_WARN__DUPLICATE_METHOD_MATCH = YES;
				COPY_PHASE_STRIP = NO;
				DEBUG_INFORMATION_FORMAT = "dwarf-with-dsym";
				ENABLE_NS_ASSERTIONS = NO;
				ENABLE_STRICT_OBJC_MSGSEND = YES;
				GCC_C_LANGUAGE_STANDARD = gnu11;
				GCC_NO_COMMON_BLOCKS = YES;
				GCC_WARN_64_TO_32_BIT_CONVERSION = YES;
				GCC_WARN_ABOUT_RETURN_TYPE = YES_ERROR;
				GCC_WARN_UNDECLARED_SELECTOR = YES;
				GCC_WARN_UNINITIALIZED_AUTOS = YES_AGGRESSIVE;
				GCC_WARN_UNUSED_FUNCTION = YES;
				GCC_WARN_UNUSED_VARIABLE = YES;
				IPHONEOS_DEPLOYMENT_TARGET = 16.0;
				MTL_ENABLE_DEBUG_INFO = NO;
				MTL_FAST_MATH = YES;
				SDKROOT = iphoneos;
				SWIFT_COMPILATION_MODE = wholemodule;
				SWIFT_OPTIMIZATION_LEVEL = "-O";
				VALIDATE_PRODUCT = YES;
			};
			name = Release;
		};
		80A68C9C28F91BE100F543DA /* Debug */ = {
			isa = XCBuildConfiguration;
			buildSettings = {
				ASSETCATALOG_COMPILER_APPICON_NAME = AppIcon;
				ASSETCATALOG_COMPILER_GLOBAL_ACCENT_COLOR_NAME = AccentColor;
				CODE_SIGN_STYLE = Automatic;
				CURRENT_PROJECT_VERSION = 1;
				GENERATE_INFOPLIST_FILE = YES;
				INFOPLIST_FILE = tableViewDemo/Info.plist;
				INFOPLIST_KEY_UIApplicationSupportsIndirectInputEvents = YES;
				INFOPLIST_KEY_UILaunchStoryboardName = LaunchScreen;
				INFOPLIST_KEY_UIMainStoryboardFile = Main;
				INFOPLIST_KEY_UISupportedInterfaceOrientations = UIInterfaceOrientationPortrait;
				INFOPLIST_KEY_UISupportedInterfaceOrientations_iPad = "UIInterfaceOrientationLandscapeLeft UIInterfaceOrientationLandscapeRight UIInterfaceOrientationPortrait UIInterfaceOrientationPortraitUpsideDown";
				LD_RUNPATH_SEARCH_PATHS = (
					"$(inherited)",
					"@executable_path/Frameworks",
				);
				MARKETING_VERSION = 1.0;
				PRODUCT_BUNDLE_IDENTIFIER = don.tableViewDemo;
				PRODUCT_NAME = "$(TARGET_NAME)";
				SWIFT_EMIT_LOC_STRINGS = YES;
				SWIFT_VERSION = 5.0;
				TARGETED_DEVICE_FAMILY = "1,2";
			};
			name = Debug;
		};
		80A68C9D28F91BE100F543DA /* Release */ = {
			isa = XCBuildConfiguration;
			buildSettings = {
				ASSETCATALOG_COMPILER_APPICON_NAME = AppIcon;
				ASSETCATALOG_COMPILER_GLOBAL_ACCENT_COLOR_NAME = AccentColor;
				CODE_SIGN_STYLE = Automatic;
				CURRENT_PROJECT_VERSION = 1;
				GENERATE_INFOPLIST_FILE = YES;
				INFOPLIST_FILE = tableViewDemo/Info.plist;
				INFOPLIST_KEY_UIApplicationSupportsIndirectInputEvents = YES;
				INFOPLIST_KEY_UILaunchStoryboardName = LaunchScreen;
				INFOPLIST_KEY_UIMainStoryboardFile = Main;
				INFOPLIST_KEY_UISupportedInterfaceOrientations = UIInterfaceOrientationPortrait;
				INFOPLIST_KEY_UISupportedInterfaceOrientations_iPad = "UIInterfaceOrientationLandscapeLeft UIInterfaceOrientationLandscapeRight UIInterfaceOrientationPortrait UIInterfaceOrientationPortraitUpsideDown";
				LD_RUNPATH_SEARCH_PATHS = (
					"$(inherited)",
					"@executable_path/Frameworks",
				);
				MARKETING_VERSION = 1.0;
				PRODUCT_BUNDLE_IDENTIFIER = don.tableViewDemo;
				PRODUCT_NAME = "$(TARGET_NAME)";
				SWIFT_EMIT_LOC_STRINGS = YES;
				SWIFT_VERSION = 5.0;
				TARGETED_DEVICE_FAMILY = "1,2";
			};
			name = Release;
		};
/* End XCBuildConfiguration section */

/* Begin XCConfigurationList section */
		80A68C8228F91BDB00F543DA /* Build configuration list for PBXProject "tableViewDemo" */ = {
			isa = XCConfigurationList;
			buildConfigurations = (
				80A68C9928F91BE100F543DA /* Debug */,
				80A68C9A28F91BE100F543DA /* Release */,
			);
			defaultConfigurationIsVisible = 0;
			defaultConfigurationName = Release;
		};
		80A68C9B28F91BE100F543DA /* Build configuration list for PBXNativeTarget "tableViewDemo" */ = {
			isa = XCConfigurationList;
			buildConfigurations = (
				80A68C9C28F91BE100F543DA /* Debug */,
				80A68C9D28F91BE100F543DA /* Release */,
			);
			defaultConfigurationIsVisible = 0;
			defaultConfigurationName = Release;
		};
/* End XCConfigurationList section */
	};
	rootObject = 80A68C7F28F91BDB00F543DA /* Project object */;
}
